
Microsoft Visual Studio Solution File, Format Version 12.00
# Visual Studio Version 16
VisualStudioVersion = 16.0.31129.286
MinimumVisualStudioVersion = 10.0.40219.1
Project("{9A19103F-16F7-4668-BE54-9A1E7A4F7556}") = "ServerDemo", "ServerDemo.csproj", "{2A79E85A-D042-47A5-8044-70FC17436551}"
EndProject
Global
	GlobalSection(SolutionConfigurationPlatforms) = preSolution
		Debug|Any CPU = Debug|Any CPU
		Release|Any CPU = Release|Any CPU
	EndGlobalSection
	GlobalSection(ProjectConfigurationPlatforms) = postSolution
		{2A79E85A-D042-47A5-8044-70FC17436551}.Debug|Any CPU.ActiveCfg = Debug|Any CPU
		{2A79E85A-D042-47A5-8044-70FC17436551}.Debug|Any CPU.Build.0 = Debug|Any CPU
		{2A79E85A-D042-47A5-8044-70FC17436551}.Release|Any CPU.ActiveCfg = Release|Any CPU
		{2A79E85A-D042-47A5-8044-70FC17436551}.Release|Any CPU.Build.0 = Release|Any CPU
	EndGlobalSection
	GlobalSection(SolutionProperties) = preSolution
		HideSolutionNode = FALSE
	EndGlobalSection
	GlobalSection(ExtensibilityGlobals) = postSolution
		SolutionGuid = {B7AA2082-8895-4523-A5C2-72579DCDD7EF}
	EndGlobalSection
EndGlobal
